Microsoft Visual Studio Solution File, Format Version 12.00
Project("{FAE04EC0-301F-11D3-BF4B-00C04F79EFBC}") = "WebStore.Models", "src\WebStore.Models\WebStore.Models.csproj", "{193A151C-C579-41EE-A157-C9E6A8DF07D0}"
EndProject
Project("{FAE04EC0-301F-11D3-BF4B-00C04F79EFBC}") = "WebStore.Tests", "tests\WebStore.Tests\WebStore.Tests.csproj", "{F414623C-942D-45B2-B108-29640288A660}"
EndProject
Global
	GlobalSection(SolutionConfigurationPlatforms) = preSolution
		Debug|Any CPU = Debug|Any CPU
		Release|Any CPU = Release|Any CPU
	EndGlobalSection
	GlobalSection(SolutionProperties) = preSolution
		HideSolutionNode = FALSE
	EndGlobalSection
	GlobalSection(ProjectConfigurationPlatforms) = postSolution
		{193A151C-C579-41EE-A157-C9E6A8DF07D0}.Debug|Any CPU.ActiveCfg = Debug|Any CPU
		{193A151C-C579-41EE-A157-C9E6A8DF07D0}.Debug|Any CPU.Build.0 = Debug|Any CPU
		{193A151C-C579-41EE-A157-C9E6A8DF07D0}.Release|Any CPU.ActiveCfg = Release|Any CPU
		{193A151C-C579-41EE-A157-C9E6A8DF07D0}.Release|Any CPU.Build.0 = Release|Any CPU
		{F414623C-942D-45B2-B108-29640288A660}.Debug|Any CPU.ActiveCfg = Debug|Any CPU
		{F414623C-942D-45B2-B108-29640288A660}.Debug|Any CPU.Build.0 = Debug|Any CPU
		{F414623C-942D-45B2-B108-29640288A660}.Release|Any CPU.ActiveCfg = Release|Any CPU
		{F414623C-942D-45B2-B108-29640288A660}.Release|Any CPU.Build.0 = Release|Any CPU
	EndGlobalSection
EndGlobal
